
Microsoft Visual Studio Solution File, Format Version 12.00
# Visual Studio Version 16
VisualStudioVersion = 16.0.32106.194
MinimumVisualStudioVersion = 10.0.40219.1
Project("{FAE04EC0-301F-11D3-BF4B-00C04F79EFBC}") = "ASSIGNMENT-2", "ASSIGNMENT-2\ASSIGNMENT-2.csproj", "{151980C1-7F8F-429F-8F87-984F308DA9A5}"
EndProject
Global
	GlobalSection(SolutionConfigurationPlatforms) = preSolution
		Debug|Any CPU = Debug|Any CPU
		Release|Any CPU = Release|Any CPU
	EndGlobalSection
	GlobalSection(ProjectConfigurationPlatforms) = postSolution
		{151980C1-7F8F-429F-8F87-984F308DA9A5}.Debug|Any CPU.ActiveCfg = Debug|Any CPU
		{151980C1-7F8F-429F-8F87-984F308DA9A5}.Debug|Any CPU.Build.0 = Debug|Any CPU
		{151980C1-7F8F-429F-8F87-984F308DA9A5}.Release|Any CPU.ActiveCfg = Release|Any CPU
		{151980C1-7F8F-429F-8F87-984F308DA9A5}.Release|Any CPU.Build.0 = Release|Any CPU
	EndGlobalSection
	GlobalSection(SolutionProperties) = preSolution
		HideSolutionNode = FALSE
	EndGlobalSection
	GlobalSection(ExtensibilityGlobals) = postSolution
		SolutionGuid = {51ABCF3E-4482-430F-9F4D-9060A9011709}
	EndGlobalSection
EndGlobal
